
Microsoft Visual Studio Solution File, Format Version 12.00
# Visual Studio Version 17
VisualStudioVersion = 17.0.31903.59
MinimumVisualStudioVersion = 10.0.40219.1
Project("{2150E333-8FDC-42A3-9474-1A3956D46DE8}") = "DotNetCoreMicroServices", "DotNetCoreMicroServices", "{793E746D-E52A-4776-A8A3-F110E13C923C}"
EndProject
Project("{2150E333-8FDC-42A3-9474-1A3956D46DE8}") = "OrderMicroService", "OrderMicroService", "{E5FC0A1A-7168-4349-A1E8-F00BD335D743}"
EndProject
Project("{2150E333-8FDC-42A3-9474-1A3956D46DE8}") = "CustomerMicroService", "CustomerMicroService", "{D783C597-ED13-4CC9-BD71-9A67F2C2BBF2}"
EndProject
Project("{9A19103F-16F7-4668-BE54-9A1E7A4F7556}") = "OrderApi", "LearnDotNetCoreMicroServices\OrderApi\OrderApi.csproj", "{FB309F0D-86EC-46CD-A1B4-52E77905B6F1}"
EndProject
Project("{9A19103F-16F7-4668-BE54-9A1E7A4F7556}") = "OrderApi.Data", "LearnDotNetCoreMicroServices\OrderApi.Data\OrderApi.Data.csproj", "{AD3A820F-1AA1-4809-857F-0A3AF80A3955}"
EndProject
Project("{9A19103F-16F7-4668-BE54-9A1E7A4F7556}") = "OrderApi.Domain", "LearnDotNetCoreMicroServices\OrderApi.Domain\OrderApi.Domain.csproj", "{13214F0E-88A6-40DB-8FC9-D132E0932FCC}"
EndProject
Project("{9A19103F-16F7-4668-BE54-9A1E7A4F7556}") = "OrderApi.Messaging.Receive", "LearnDotNetCoreMicroServices\OrderApi.Messaging.Receive\OrderApi.Messaging.Receive.csproj", "{C7276459-5F59-424A-8BA5-FBCE23270DFF}"
EndProject
Project("{9A19103F-16F7-4668-BE54-9A1E7A4F7556}") = "OrderApi.Service", "LearnDotNetCoreMicroServices\OrderApi.Service\OrderApi.Service.csproj", "{F5F17AF8-38A3-4817-B0FE-17D673C342AC}"
EndProject
Project("{2150E333-8FDC-42A3-9474-1A3956D46DE8}") = "Algorithm", "Algorithm", "{BDD53FDC-137C-49BB-93F6-0D80C6301490}"
EndProject
Project("{9A19103F-16F7-4668-BE54-9A1E7A4F7556}") = "LearnAlgorithm", "LearnAlgorithm\LearnAlgorithm.csproj", "{6B473B65-AAE3-47FD-9FC7-FBA33517C297}"
EndProject
Project("{2150E333-8FDC-42A3-9474-1A3956D46DE8}") = "Demo", "Demo", "{F97E74F5-C6EF-447B-97E4-99E1C6B0C69C}"
EndProject
Project("{9A19103F-16F7-4668-BE54-9A1E7A4F7556}") = "ConsoleApp1", "ConsoleApp1\ConsoleApp1.csproj", "{2F477961-06CE-447F-8888-6B87F9759299}"
EndProject
Project("{2150E333-8FDC-42A3-9474-1A3956D46DE8}") = "Redis", "Redis", "{444E65A8-10CA-4E9E-A534-1F2C908DADC6}"
EndProject
Project("{9A19103F-16F7-4668-BE54-9A1E7A4F7556}") = "RedisDemo", "RedisDemo\RedisDemo.csproj", "{0F0E130A-6EA5-455F-8659-6A94F71FD6DD}"
EndProject
Project("{2150E333-8FDC-42A3-9474-1A3956D46DE8}") = "MediatR", "MediatR", "{9103BD62-FC0E-4B35-969E-B1951B0F95A9}"
EndProject
Project("{2150E333-8FDC-42A3-9474-1A3956D46DE8}") = "DotNetFive", "DotNetFive", "{B5F54A58-1C50-40D6-A126-83FB8827A699}"
EndProject
Project("{9A19103F-16F7-4668-BE54-9A1E7A4F7556}") = "HelloDotNet5", "HelloDotNet5\HelloDotNet5.csproj", "{33415D7C-FFCB-4680-9A4A-89C01C114684}"
EndProject
Project("{2150E333-8FDC-42A3-9474-1A3956D46DE8}") = "DataBase", "DataBase", "{CE08C5BB-A4C5-4333-B2FA-A7A8A1BC0686}"
EndProject
Project("{9A19103F-16F7-4668-BE54-9A1E7A4F7556}") = "LearnElasticsearch", "DataBase\LearnElasticsearch\LearnElasticsearch.csproj", "{D0AD81E6-8494-4F59-9E5D-8EF4E0831EBE}"
EndProject
Project("{9A19103F-16F7-4668-BE54-9A1E7A4F7556}") = "LearnMediatR", "MediatR\LearnMediatR\LearnMediatR.csproj", "{4EF26E46-A883-4EA0-AE63-5ED258EB003B}"
EndProject
Project("{2150E333-8FDC-42A3-9474-1A3956D46DE8}") = "test", "test", "{BEBF4F32-84DF-42C7-97AB-28C827D2A207}"
EndProject
Project("{2150E333-8FDC-42A3-9474-1A3956D46DE8}") = "Parallel", "Parallel", "{DA0C10A9-BABB-4961-AD2C-581D930C9176}"
EndProject
Project("{9A19103F-16F7-4668-BE54-9A1E7A4F7556}") = "TPLConsole", "TPLConsole\TPLConsole.csproj", "{EF9E14E2-1EEB-4923-926B-CD615846985A}"
EndProject
Project("{2150E333-8FDC-42A3-9474-1A3956D46DE8}") = "ToolBox", "ToolBox", "{B341B86A-4169-46A0-B949-7BE8C07AE490}"
EndProject
Project("{9A19103F-16F7-4668-BE54-9A1E7A4F7556}") = "RedisHelper", "RedisHelper\RedisHelper.csproj", "{0AD96754-F793-4195-BB5D-27F4E3F77569}"
EndProject
Project("{2150E333-8FDC-42A3-9474-1A3956D46DE8}") = "Dll", "Dll", "{6492907A-CA95-4BD2-82F4-BF6AC96B3FD5}"
EndProject
Project("{9A19103F-16F7-4668-BE54-9A1E7A4F7556}") = "AbnormalDetermination", "AbnormalDetermination\AbnormalDetermination.csproj", "{C53914E4-F5B5-4E84-8F86-1DDEE6F0C939}"
EndProject
Project("{2150E333-8FDC-42A3-9474-1A3956D46DE8}") = "QueueAndBus", "QueueAndBus", "{1715625C-C8FE-4C75-9EBE-59DFEFD76237}"
EndProject
Project("{2150E333-8FDC-42A3-9474-1A3956D46DE8}") = "LearnEasyNetQ", "LearnEasyNetQ", "{11840564-C7E9-46D1-8C46-AF90AF3FF159}"
EndProject
Project("{9A19103F-16F7-4668-BE54-9A1E7A4F7556}") = "Publisher", "QueueAndBus\LearnEasyNetQ\Publisher\Publisher.csproj", "{66C48F20-A759-4AD2-8BBE-47C30AFAD06D}"
EndProject
Project("{FAE04EC0-301F-11D3-BF4B-00C04F79EFBC}") = "Subscriber", "QueueAndBus\LearnEasyNetQ\Subscriber\Subscriber.csproj", "{E60F2B62-5B95-4A38-A893-FD74EE4B8E4A}"
EndProject
Project("{FAE04EC0-301F-11D3-BF4B-00C04F79EFBC}") = "TextMessageLib", "QueueAndBus\LearnEasyNetQ\TextMessageLib\TextMessageLib.csproj", "{DCEF4EF1-D7E1-4003-A5E8-82C86A0C50FF}"
EndProject
Global
	GlobalSection(SolutionConfigurationPlatforms) = preSolution
		Debug|Any CPU = Debug|Any CPU
		Release|Any CPU = Release|Any CPU
	EndGlobalSection
	GlobalSection(ProjectConfigurationPlatforms) = postSolution
		{FB309F0D-86EC-46CD-A1B4-52E77905B6F1}.Debug|Any CPU.ActiveCfg = Debug|Any CPU
		{FB309F0D-86EC-46CD-A1B4-52E77905B6F1}.Debug|Any CPU.Build.0 = Debug|Any CPU
		{FB309F0D-86EC-46CD-A1B4-52E77905B6F1}.Release|Any CPU.ActiveCfg = Release|Any CPU
		{FB309F0D-86EC-46CD-A1B4-52E77905B6F1}.Release|Any CPU.Build.0 = Release|Any CPU
		{AD3A820F-1AA1-4809-857F-0A3AF80A3955}.Debug|Any CPU.ActiveCfg = Debug|Any CPU
		{AD3A820F-1AA1-4809-857F-0A3AF80A3955}.Debug|Any CPU.Build.0 = Debug|Any CPU
		{AD3A820F-1AA1-4809-857F-0A3AF80A3955}.Release|Any CPU.ActiveCfg = Release|Any CPU
		{AD3A820F-1AA1-4809-857F-0A3AF80A3955}.Release|Any CPU.Build.0 = Release|Any CPU
		{13214F0E-88A6-40DB-8FC9-D132E0932FCC}.Debug|Any CPU.ActiveCfg = Debug|Any CPU
		{13214F0E-88A6-40DB-8FC9-D132E0932FCC}.Debug|Any CPU.Build.0 = Debug|Any CPU
		{13214F0E-88A6-40DB-8FC9-D132E0932FCC}.Release|Any CPU.ActiveCfg = Release|Any CPU
		{13214F0E-88A6-40DB-8FC9-D132E0932FCC}.Release|Any CPU.Build.0 = Release|Any CPU
		{C7276459-5F59-424A-8BA5-FBCE23270DFF}.Debug|Any CPU.ActiveCfg = Debug|Any CPU
		{C7276459-5F59-424A-8BA5-FBCE23270DFF}.Debug|Any CPU.Build.0 = Debug|Any CPU
		{C7276459-5F59-424A-8BA5-FBCE23270DFF}.Release|Any CPU.ActiveCfg = Release|Any CPU
		{C7276459-5F59-424A-8BA5-FBCE23270DFF}.Release|Any CPU.Build.0 = Release|Any CPU
		{F5F17AF8-38A3-4817-B0FE-17D673C342AC}.Debug|Any CPU.ActiveCfg = Debug|Any CPU
		{F5F17AF8-38A3-4817-B0FE-17D673C342AC}.Debug|Any CPU.Build.0 = Debug|Any CPU
		{F5F17AF8-38A3-4817-B0FE-17D673C342AC}.Release|Any CPU.ActiveCfg = Release|Any CPU
		{F5F17AF8-38A3-4817-B0FE-17D673C342AC}.Release|Any CPU.Build.0 = Release|Any CPU
		{6B473B65-AAE3-47FD-9FC7-FBA33517C297}.Debug|Any CPU.ActiveCfg = Debug|Any CPU
		{6B473B65-AAE3-47FD-9FC7-FBA33517C297}.Debug|Any CPU.Build.0 = Debug|Any CPU
		{6B473B65-AAE3-47FD-9FC7-FBA33517C297}.Release|Any CPU.ActiveCfg = Release|Any CPU
		{6B473B65-AAE3-47FD-9FC7-FBA33517C297}.Release|Any CPU.Build.0 = Release|Any CPU
		{2F477961-06CE-447F-8888-6B87F9759299}.Debug|Any CPU.ActiveCfg = Debug|Any CPU
		{2F477961-06CE-447F-8888-6B87F9759299}.Debug|Any CPU.Build.0 = Debug|Any CPU
		{2F477961-06CE-447F-8888-6B87F9759299}.Release|Any CPU.ActiveCfg = Release|Any CPU
		{2F477961-06CE-447F-8888-6B87F9759299}.Release|Any CPU.Build.0 = Release|Any CPU
		{0F0E130A-6EA5-455F-8659-6A94F71FD6DD}.Debug|Any CPU.ActiveCfg = Debug|Any CPU
		{0F0E130A-6EA5-455F-8659-6A94F71FD6DD}.Debug|Any CPU.Build.0 = Debug|Any CPU
		{0F0E130A-6EA5-455F-8659-6A94F71FD6DD}.Release|Any CPU.ActiveCfg = Release|Any CPU
		{0F0E130A-6EA5-455F-8659-6A94F71FD6DD}.Release|Any CPU.Build.0 = Release|Any CPU
		{33415D7C-FFCB-4680-9A4A-89C01C114684}.Debug|Any CPU.ActiveCfg = Debug|Any CPU
		{33415D7C-FFCB-4680-9A4A-89C01C114684}.Debug|Any CPU.Build.0 = Debug|Any CPU
		{33415D7C-FFCB-4680-9A4A-89C01C114684}.Release|Any CPU.ActiveCfg = Release|Any CPU
		{33415D7C-FFCB-4680-9A4A-89C01C114684}.Release|Any CPU.Build.0 = Release|Any CPU
		{D0AD81E6-8494-4F59-9E5D-8EF4E0831EBE}.Debug|Any CPU.ActiveCfg = Debug|Any CPU
		{D0AD81E6-8494-4F59-9E5D-8EF4E0831EBE}.Debug|Any CPU.Build.0 = Debug|Any CPU
		{D0AD81E6-8494-4F59-9E5D-8EF4E0831EBE}.Release|Any CPU.ActiveCfg = Release|Any CPU
		{D0AD81E6-8494-4F59-9E5D-8EF4E0831EBE}.Release|Any CPU.Build.0 = Release|Any CPU
		{4EF26E46-A883-4EA0-AE63-5ED258EB003B}.Debug|Any CPU.ActiveCfg = Debug|Any CPU
		{4EF26E46-A883-4EA0-AE63-5ED258EB003B}.Debug|Any CPU.Build.0 = Debug|Any CPU
		{4EF26E46-A883-4EA0-AE63-5ED258EB003B}.Release|Any CPU.ActiveCfg = Release|Any CPU
		{4EF26E46-A883-4EA0-AE63-5ED258EB003B}.Release|Any CPU.Build.0 = Release|Any CPU
		{EF9E14E2-1EEB-4923-926B-CD615846985A}.Debug|Any CPU.ActiveCfg = Debug|Any CPU
		{EF9E14E2-1EEB-4923-926B-CD615846985A}.Debug|Any CPU.Build.0 = Debug|Any CPU
		{EF9E14E2-1EEB-4923-926B-CD615846985A}.Release|Any CPU.ActiveCfg = Release|Any CPU
		{EF9E14E2-1EEB-4923-926B-CD615846985A}.Release|Any CPU.Build.0 = Release|Any CPU
		{0AD96754-F793-4195-BB5D-27F4E3F77569}.Debug|Any CPU.ActiveCfg = Debug|Any CPU
		{0AD96754-F793-4195-BB5D-27F4E3F77569}.Debug|Any CPU.Build.0 = Debug|Any CPU
		{0AD96754-F793-4195-BB5D-27F4E3F77569}.Release|Any CPU.ActiveCfg = Release|Any CPU
		{0AD96754-F793-4195-BB5D-27F4E3F77569}.Release|Any CPU.Build.0 = Release|Any CPU
		{C53914E4-F5B5-4E84-8F86-1DDEE6F0C939}.Debug|Any CPU.ActiveCfg = Debug|Any CPU
		{C53914E4-F5B5-4E84-8F86-1DDEE6F0C939}.Debug|Any CPU.Build.0 = Debug|Any CPU
		{C53914E4-F5B5-4E84-8F86-1DDEE6F0C939}.Release|Any CPU.ActiveCfg = Release|Any CPU
		{C53914E4-F5B5-4E84-8F86-1DDEE6F0C939}.Release|Any CPU.Build.0 = Release|Any CPU
		{66C48F20-A759-4AD2-8BBE-47C30AFAD06D}.Debug|Any CPU.ActiveCfg = Debug|Any CPU
		{66C48F20-A759-4AD2-8BBE-47C30AFAD06D}.Debug|Any CPU.Build.0 = Debug|Any CPU
		{66C48F20-A759-4AD2-8BBE-47C30AFAD06D}.Release|Any CPU.ActiveCfg = Release|Any CPU
		{66C48F20-A759-4AD2-8BBE-47C30AFAD06D}.Release|Any CPU.Build.0 = Release|Any CPU
		{E60F2B62-5B95-4A38-A893-FD74EE4B8E4A}.Debug|Any CPU.ActiveCfg = Debug|Any CPU
		{E60F2B62-5B95-4A38-A893-FD74EE4B8E4A}.Debug|Any CPU.Build.0 = Debug|Any CPU
		{E60F2B62-5B95-4A38-A893-FD74EE4B8E4A}.Release|Any CPU.ActiveCfg = Release|Any CPU
		{E60F2B62-5B95-4A38-A893-FD74EE4B8E4A}.Release|Any CPU.Build.0 = Release|Any CPU
		{DCEF4EF1-D7E1-4003-A5E8-82C86A0C50FF}.Debug|Any CPU.ActiveCfg = Debug|Any CPU
		{DCEF4EF1-D7E1-4003-A5E8-82C86A0C50FF}.Debug|Any CPU.Build.0 = Debug|Any CPU
		{DCEF4EF1-D7E1-4003-A5E8-82C86A0C50FF}.Release|Any CPU.ActiveCfg = Release|Any CPU
		{DCEF4EF1-D7E1-4003-A5E8-82C86A0C50FF}.Release|Any CPU.Build.0 = Release|Any CPU
	EndGlobalSection
	GlobalSection(SolutionProperties) = preSolution
		HideSolutionNode = FALSE
	EndGlobalSection
	GlobalSection(NestedProjects) = preSolution
		{E5FC0A1A-7168-4349-A1E8-F00BD335D743} = {793E746D-E52A-4776-A8A3-F110E13C923C}
		{D783C597-ED13-4CC9-BD71-9A67F2C2BBF2} = {793E746D-E52A-4776-A8A3-F110E13C923C}
		{FB309F0D-86EC-46CD-A1B4-52E77905B6F1} = {E5FC0A1A-7168-4349-A1E8-F00BD335D743}
		{AD3A820F-1AA1-4809-857F-0A3AF80A3955} = {E5FC0A1A-7168-4349-A1E8-F00BD335D743}
		{13214F0E-88A6-40DB-8FC9-D132E0932FCC} = {E5FC0A1A-7168-4349-A1E8-F00BD335D743}
		{C7276459-5F59-424A-8BA5-FBCE23270DFF} = {E5FC0A1A-7168-4349-A1E8-F00BD335D743}
		{F5F17AF8-38A3-4817-B0FE-17D673C342AC} = {E5FC0A1A-7168-4349-A1E8-F00BD335D743}
		{6B473B65-AAE3-47FD-9FC7-FBA33517C297} = {BDD53FDC-137C-49BB-93F6-0D80C6301490}
		{2F477961-06CE-447F-8888-6B87F9759299} = {F97E74F5-C6EF-447B-97E4-99E1C6B0C69C}
		{0F0E130A-6EA5-455F-8659-6A94F71FD6DD} = {444E65A8-10CA-4E9E-A534-1F2C908DADC6}
		{33415D7C-FFCB-4680-9A4A-89C01C114684} = {B5F54A58-1C50-40D6-A126-83FB8827A699}
		{D0AD81E6-8494-4F59-9E5D-8EF4E0831EBE} = {CE08C5BB-A4C5-4333-B2FA-A7A8A1BC0686}
		{4EF26E46-A883-4EA0-AE63-5ED258EB003B} = {9103BD62-FC0E-4B35-969E-B1951B0F95A9}
		{EF9E14E2-1EEB-4923-926B-CD615846985A} = {DA0C10A9-BABB-4961-AD2C-581D930C9176}
		{0AD96754-F793-4195-BB5D-27F4E3F77569} = {B341B86A-4169-46A0-B949-7BE8C07AE490}
		{C53914E4-F5B5-4E84-8F86-1DDEE6F0C939} = {6492907A-CA95-4BD2-82F4-BF6AC96B3FD5}
		{11840564-C7E9-46D1-8C46-AF90AF3FF159} = {1715625C-C8FE-4C75-9EBE-59DFEFD76237}
		{66C48F20-A759-4AD2-8BBE-47C30AFAD06D} = {11840564-C7E9-46D1-8C46-AF90AF3FF159}
		{E60F2B62-5B95-4A38-A893-FD74EE4B8E4A} = {11840564-C7E9-46D1-8C46-AF90AF3FF159}
		{DCEF4EF1-D7E1-4003-A5E8-82C86A0C50FF} = {11840564-C7E9-46D1-8C46-AF90AF3FF159}
	EndGlobalSection
	GlobalSection(ExtensibilityGlobals) = postSolution
		SolutionGuid = {434CCC68-8427-4BB7-9841-FA5DC0669DB4}
	EndGlobalSection
EndGlobal
