
Microsoft Visual Studio Solution File, Format Version 12.00
# Visual Studio Version 17
VisualStudioVersion = 17.0.31903.59
MinimumVisualStudioVersion = 10.0.40219.1
Project("{2150E333-8FDC-42A3-9474-1A3956D46DE8}") = "Algorithm", "Algorithm", "{BDD53FDC-137C-49BB-93F6-0D80C6301490}"
EndProject
Project("{2150E333-8FDC-42A3-9474-1A3956D46DE8}") = "DataBase", "DataBase", "{CE08C5BB-A4C5-4333-B2FA-A7A8A1BC0686}"
EndProject
Project("{9A19103F-16F7-4668-BE54-9A1E7A4F7556}") = "LearnElasticsearch", "DataBase\LearnElasticsearch\LearnElasticsearch.csproj", "{D0AD81E6-8494-4F59-9E5D-8EF4E0831EBE}"
EndProject
Project("{2150E333-8FDC-42A3-9474-1A3956D46DE8}") = "LanguageSyntax", "LanguageSyntax", "{8672CC71-F34E-4BCA-85BF-EC2EFEBA8E39}"
EndProject
Project("{9A19103F-16F7-4668-BE54-9A1E7A4F7556}") = "LearnAlgorithm", "Algorithm\LearnAlgorithm\LearnAlgorithm.csproj", "{2D0AFC26-4EB9-4327-AC15-03AD3785B513}"
EndProject
Project("{2150E333-8FDC-42A3-9474-1A3956D46DE8}") = "DesignPatterns", "DesignPatterns", "{A1F746B4-C3B9-4FF7-99A7-D997562CFE76}"
EndProject
Project("{9A19103F-16F7-4668-BE54-9A1E7A4F7556}") = "LearnMediatR", "DesignPatterns\LearnMediatR\LearnMediatR.csproj", "{62933DC1-BE2A-43BD-83F6-5477AB8690AB}"
EndProject
Project("{2150E333-8FDC-42A3-9474-1A3956D46DE8}") = "LibraryAndFramework", "LibraryAndFramework", "{2EEA1F0A-EC08-477B-9202-EE10BFA737E5}"
EndProject
Project("{2150E333-8FDC-42A3-9474-1A3956D46DE8}") = "LearnEasyNetQ", "LearnEasyNetQ", "{A022B610-8A5B-42FD-A1D6-BC406193C544}"
EndProject
Project("{9A19103F-16F7-4668-BE54-9A1E7A4F7556}") = "Publisher", "LibraryAndFramework\LearnEasyNetQ\Publisher\Publisher.csproj", "{948288BC-DA16-49BD-B019-DB1DF45B6383}"
EndProject
Project("{9A19103F-16F7-4668-BE54-9A1E7A4F7556}") = "Subscriber", "LibraryAndFramework\LearnEasyNetQ\Subscriber\Subscriber.csproj", "{9729DCE0-AA7E-409E-AB29-C5884A35D50C}"
EndProject
Project("{9A19103F-16F7-4668-BE54-9A1E7A4F7556}") = "TextMessageLib", "LibraryAndFramework\LearnEasyNetQ\TextMessageLib\TextMessageLib.csproj", "{6A102824-6ABB-449E-A4B3-8FA3833B2C93}"
EndProject
Project("{2150E333-8FDC-42A3-9474-1A3956D46DE8}") = "ASP.NETCore", "ASP.NETCore", "{777E5CAE-3071-4AF7-8E85-40BE651D59DB}"
EndProject
Project("{2150E333-8FDC-42A3-9474-1A3956D46DE8}") = "Advanced", "Advanced", "{63DF4BE7-4DAE-406F-BF78-79A50649A02D}"
EndProject
Project("{9A19103F-16F7-4668-BE54-9A1E7A4F7556}") = "Filters", "ASP.NETCore\Advanced\Filters\Filters.csproj", "{073AA274-7232-4414-B516-18B9BF0C4B09}"
EndProject
Project("{2150E333-8FDC-42A3-9474-1A3956D46DE8}") = "Fundamentals", "Fundamentals", "{261D32FE-A3C1-4D9B-B312-6CDAE5A053F3}"
EndProject
Project("{9A19103F-16F7-4668-BE54-9A1E7A4F7556}") = "HelloASP.NETCore-6.0", "ASP.NETCore\Fundamentals\HelloASPNETCore-6.0\HelloASP.NETCore-6.0.csproj", "{BAB9D309-31A4-412C-8773-DAE58579A98B}"
EndProject
Project("{2150E333-8FDC-42A3-9474-1A3956D46DE8}") = "ThirdpartyLib", "ThirdpartyLib", "{9666F880-CD9D-4B02-8B95-D870FB483000}"
EndProject
Project("{9A19103F-16F7-4668-BE54-9A1E7A4F7556}") = "jose-jwt-test", "LibraryAndFramework\ThirdpartyLib\jose-jwt\jose-jwt-test.csproj", "{6A3FF119-1578-45C3-8CF6-FF9E9CADF57D}"
EndProject
Project("{2150E333-8FDC-42A3-9474-1A3956D46DE8}") = "DotNetty", "DotNetty", "{CC3F522E-CFBA-4A99-94AB-8D0E9513C09A}"
EndProject
Project("{9A19103F-16F7-4668-BE54-9A1E7A4F7556}") = "EchoServer", "LibraryAndFramework\DotNetty\EchoServer\EchoServer.csproj", "{D8875B0C-E9C8-4803-813C-B59BDFEE8476}"
EndProject
Project("{9A19103F-16F7-4668-BE54-9A1E7A4F7556}") = "EchoClient", "LibraryAndFramework\DotNetty\EchoClient\EchoClient.csproj", "{0F250A97-D7E6-4780-A98D-7BC3BD58DB42}"
EndProject
Project("{2150E333-8FDC-42A3-9474-1A3956D46DE8}") = "LearnDLMUseRedLock.net", "LearnDLMUseRedLock.net", "{DACD0028-26EB-423B-996F-F397AF197C10}"
EndProject
Project("{2150E333-8FDC-42A3-9474-1A3956D46DE8}") = "Core", "Core", "{399EF0BC-DC5B-456A-83C6-D4D83E9F9E9B}"
EndProject
Project("{2150E333-8FDC-42A3-9474-1A3956D46DE8}") = "Infrastructure", "Infrastructure", "{3A5A39C0-144F-48A2-B426-EACED776BAAD}"
EndProject
Project("{2150E333-8FDC-42A3-9474-1A3956D46DE8}") = "Presentation", "Presentation", "{3D0898BC-FC3F-40BF-9402-DFA3D6932896}"
EndProject
Project("{9A19103F-16F7-4668-BE54-9A1E7A4F7556}") = "RedLockSample.Caching", "LibraryAndFramework\LearnDLMUseRedLock.net\Infrastructure\RedLockSample.Caching\RedLockSample.Caching.csproj", "{FDD48EF9-E1C6-43A5-B61D-656AECC1EBEF}"
EndProject
Project("{9A19103F-16F7-4668-BE54-9A1E7A4F7556}") = "RedLockSample.Common", "LibraryAndFramework\LearnDLMUseRedLock.net\Core\RedLockSample.Common\RedLockSample.Common.csproj", "{421ECBA3-A25F-4502-938E-96751ECE7CB0}"
EndProject
Project("{9A19103F-16F7-4668-BE54-9A1E7A4F7556}") = "RedLockSample.Contract", "LibraryAndFramework\LearnDLMUseRedLock.net\Core\RedLockSample.Contract\RedLockSample.Contract.csproj", "{9CC77D28-F295-44EF-87B1-50CBD6369E92}"
EndProject
Project("{9A19103F-16F7-4668-BE54-9A1E7A4F7556}") = "RedLockSample.Service", "LibraryAndFramework\LearnDLMUseRedLock.net\Core\RedLockSample.Service\RedLockSample.Service.csproj", "{2AB0B8E5-74F5-4F3F-BF69-1C757E301A7B}"
EndProject
Project("{9A19103F-16F7-4668-BE54-9A1E7A4F7556}") = "RedLockSample", "LibraryAndFramework\LearnDLMUseRedLock.net\Presentation\RedLockSample\RedLockSample.csproj", "{29F2DE93-230E-42A0-97A2-23F4D1202866}"
EndProject
Project("{9A19103F-16F7-4668-BE54-9A1E7A4F7556}") = "AspNetCoreRateLimit.Demo", "LibraryAndFramework\ThirdpartyLib\AspNetCoreRateLimit.Demo\AspNetCoreRateLimit.Demo.csproj", "{EA85D201-2949-49E2-8352-DA7426BF65FA}"
EndProject
Project("{2150E333-8FDC-42A3-9474-1A3956D46DE8}") = "PublishersAndSubscribers", "PublishersAndSubscribers", "{AB44E229-B15E-4CB6-B906-840924B4411C}"
EndProject
Project("{9A19103F-16F7-4668-BE54-9A1E7A4F7556}") = "PublishersAndSubscribersDemo", "DesignPatterns\PublishersAndSubscribers\PublishersAndSubscribersDemo\PublishersAndSubscribersDemo.csproj", "{37318AD3-C3F4-4353-88D3-17B4AF349924}"
EndProject
Project("{2150E333-8FDC-42A3-9474-1A3956D46DE8}") = "A_Principle", "A_Principle", "{54402D61-369F-4E0A-AEFC-E3E71562B435}"
	ProjectSection(SolutionItems) = preProject
		DesignPatterns\A_Principle\articles.txt = DesignPatterns\A_Principle\articles.txt
	EndProjectSection
EndProject
Project("{9A19103F-16F7-4668-BE54-9A1E7A4F7556}") = "HelloCSharp", "LanguageSyntax\HelloCSharp\HelloCSharp.csproj", "{16446782-2D2D-4B28-BAD7-10221EE3A733}"
EndProject
Project("{2150E333-8FDC-42A3-9474-1A3956D46DE8}") = "Learn IdentityServer with ASP.NET Core", "Learn IdentityServer with ASP.NET Core", "{125F8071-ED19-4508-B8BC-D7FFDF04ED9B}"
EndProject
Project("{2150E333-8FDC-42A3-9474-1A3956D46DE8}") = "IdentityMongo", "IdentityMongo", "{069D2AEC-162F-4DE0-BDCB-2DA5716A26C4}"
EndProject
Project("{2150E333-8FDC-42A3-9474-1A3956D46DE8}") = "IdentityServer with ASP.NET Core Identity", "IdentityServer with ASP.NET Core Identity", "{3EC270BB-188A-4E22-8994-BB16A4B883C3}"
EndProject
Project("{9A19103F-16F7-4668-BE54-9A1E7A4F7556}") = "ISExample", "LibraryAndFramework\Learn IdentityServer with ASP.NET Core\IdentityServer with ASP.NET Core Identity\ISExample\ISExample.csproj", "{36A2854C-EE09-4070-A735-C4513309B1F7}"
EndProject
Project("{9A19103F-16F7-4668-BE54-9A1E7A4F7556}") = "IdentityMongo", "LibraryAndFramework\Learn IdentityServer with ASP.NET Core\IdentityMongo\IdentityMongo\IdentityMongo.csproj", "{4C5A779F-E497-47BD-A856-68C915F19D80}"
EndProject
Project("{9A19103F-16F7-4668-BE54-9A1E7A4F7556}") = "ISClient", "LibraryAndFramework\Learn IdentityServer with ASP.NET Core\IdentityServer with ASP.NET Core Identity\ISClient\ISClient.csproj", "{574021A8-4D2E-4E3B-AFFA-755422E7DB02}"
EndProject
Project("{2150E333-8FDC-42A3-9474-1A3956D46DE8}") = "AsynAndParallel", "AsynAndParallel", "{CED3A93C-F631-4833-A520-950858FDC272}"
EndProject
Project("{9A19103F-16F7-4668-BE54-9A1E7A4F7556}") = "CSharpAsync", "LanguageSyntax\AsynAndParallel\CSharpAsync\CSharpAsync.csproj", "{382F2DB7-258C-4ECC-9FE3-CCB0342E9629}"
EndProject
Project("{2150E333-8FDC-42A3-9474-1A3956D46DE8}") = "Learn gRPC with csharp", "Learn gRPC with csharp", "{603B2F68-F933-4214-ACB2-CD4036273862}"
EndProject
Project("{9A19103F-16F7-4668-BE54-9A1E7A4F7556}") = "GrpcGreeter", "LibraryAndFramework\Learn gRPC with csharp\GrpcGreeter\GrpcGreeter.csproj", "{DE138ECC-9B0C-4D89-AA14-A2595690B080}"
EndProject
Project("{9A19103F-16F7-4668-BE54-9A1E7A4F7556}") = "GrpcGreeterClient", "LibraryAndFramework\Learn gRPC with csharp\GrpcGreeterClient\GrpcGreeterClient.csproj", "{E9F03CA1-FC17-498B-804D-5DAB47AEB67D}"
EndProject
Project("{2150E333-8FDC-42A3-9474-1A3956D46DE8}") = "RedisPubSub", "RedisPubSub", "{245F1648-BB3A-4D55-9AAD-175BF4DAB9C7}"
EndProject
Project("{9A19103F-16F7-4668-BE54-9A1E7A4F7556}") = "RedisPublisher", "LibraryAndFramework\RedisPubSub\RedisPublisher\RedisPublisher.csproj", "{F37CAE31-0356-4F92-8FC2-AB1CDA064271}"
EndProject
Project("{9A19103F-16F7-4668-BE54-9A1E7A4F7556}") = "RedisSubscriber", "LibraryAndFramework\RedisPubSub\RedisSubscriber\RedisSubscriber.csproj", "{4648F6BC-9F01-48DC-ADA7-3B947E2A4FA6}"
EndProject
Global
	GlobalSection(SolutionConfigurationPlatforms) = preSolution
		Debug|Any CPU = Debug|Any CPU
		Release|Any CPU = Release|Any CPU
	EndGlobalSection
	GlobalSection(ProjectConfigurationPlatforms) = postSolution
		{D0AD81E6-8494-4F59-9E5D-8EF4E0831EBE}.Debug|Any CPU.ActiveCfg = Debug|Any CPU
		{D0AD81E6-8494-4F59-9E5D-8EF4E0831EBE}.Debug|Any CPU.Build.0 = Debug|Any CPU
		{D0AD81E6-8494-4F59-9E5D-8EF4E0831EBE}.Release|Any CPU.ActiveCfg = Release|Any CPU
		{D0AD81E6-8494-4F59-9E5D-8EF4E0831EBE}.Release|Any CPU.Build.0 = Release|Any CPU
		{2D0AFC26-4EB9-4327-AC15-03AD3785B513}.Debug|Any CPU.ActiveCfg = Debug|Any CPU
		{2D0AFC26-4EB9-4327-AC15-03AD3785B513}.Debug|Any CPU.Build.0 = Debug|Any CPU
		{2D0AFC26-4EB9-4327-AC15-03AD3785B513}.Release|Any CPU.ActiveCfg = Release|Any CPU
		{2D0AFC26-4EB9-4327-AC15-03AD3785B513}.Release|Any CPU.Build.0 = Release|Any CPU
		{62933DC1-BE2A-43BD-83F6-5477AB8690AB}.Debug|Any CPU.ActiveCfg = Debug|Any CPU
		{62933DC1-BE2A-43BD-83F6-5477AB8690AB}.Debug|Any CPU.Build.0 = Debug|Any CPU
		{62933DC1-BE2A-43BD-83F6-5477AB8690AB}.Release|Any CPU.ActiveCfg = Release|Any CPU
		{62933DC1-BE2A-43BD-83F6-5477AB8690AB}.Release|Any CPU.Build.0 = Release|Any CPU
		{948288BC-DA16-49BD-B019-DB1DF45B6383}.Debug|Any CPU.ActiveCfg = Debug|Any CPU
		{948288BC-DA16-49BD-B019-DB1DF45B6383}.Debug|Any CPU.Build.0 = Debug|Any CPU
		{948288BC-DA16-49BD-B019-DB1DF45B6383}.Release|Any CPU.ActiveCfg = Release|Any CPU
		{948288BC-DA16-49BD-B019-DB1DF45B6383}.Release|Any CPU.Build.0 = Release|Any CPU
		{9729DCE0-AA7E-409E-AB29-C5884A35D50C}.Debug|Any CPU.ActiveCfg = Debug|Any CPU
		{9729DCE0-AA7E-409E-AB29-C5884A35D50C}.Debug|Any CPU.Build.0 = Debug|Any CPU
		{9729DCE0-AA7E-409E-AB29-C5884A35D50C}.Release|Any CPU.ActiveCfg = Release|Any CPU
		{9729DCE0-AA7E-409E-AB29-C5884A35D50C}.Release|Any CPU.Build.0 = Release|Any CPU
		{6A102824-6ABB-449E-A4B3-8FA3833B2C93}.Debug|Any CPU.ActiveCfg = Debug|Any CPU
		{6A102824-6ABB-449E-A4B3-8FA3833B2C93}.Debug|Any CPU.Build.0 = Debug|Any CPU
		{6A102824-6ABB-449E-A4B3-8FA3833B2C93}.Release|Any CPU.ActiveCfg = Release|Any CPU
		{6A102824-6ABB-449E-A4B3-8FA3833B2C93}.Release|Any CPU.Build.0 = Release|Any CPU
		{073AA274-7232-4414-B516-18B9BF0C4B09}.Debug|Any CPU.ActiveCfg = Debug|Any CPU
		{073AA274-7232-4414-B516-18B9BF0C4B09}.Debug|Any CPU.Build.0 = Debug|Any CPU
		{073AA274-7232-4414-B516-18B9BF0C4B09}.Release|Any CPU.ActiveCfg = Release|Any CPU
		{073AA274-7232-4414-B516-18B9BF0C4B09}.Release|Any CPU.Build.0 = Release|Any CPU
		{BAB9D309-31A4-412C-8773-DAE58579A98B}.Debug|Any CPU.ActiveCfg = Debug|Any CPU
		{BAB9D309-31A4-412C-8773-DAE58579A98B}.Debug|Any CPU.Build.0 = Debug|Any CPU
		{BAB9D309-31A4-412C-8773-DAE58579A98B}.Release|Any CPU.ActiveCfg = Release|Any CPU
		{BAB9D309-31A4-412C-8773-DAE58579A98B}.Release|Any CPU.Build.0 = Release|Any CPU
		{6A3FF119-1578-45C3-8CF6-FF9E9CADF57D}.Debug|Any CPU.ActiveCfg = Debug|Any CPU
		{6A3FF119-1578-45C3-8CF6-FF9E9CADF57D}.Debug|Any CPU.Build.0 = Debug|Any CPU
		{6A3FF119-1578-45C3-8CF6-FF9E9CADF57D}.Release|Any CPU.ActiveCfg = Release|Any CPU
		{6A3FF119-1578-45C3-8CF6-FF9E9CADF57D}.Release|Any CPU.Build.0 = Release|Any CPU
		{D8875B0C-E9C8-4803-813C-B59BDFEE8476}.Debug|Any CPU.ActiveCfg = Debug|Any CPU
		{D8875B0C-E9C8-4803-813C-B59BDFEE8476}.Debug|Any CPU.Build.0 = Debug|Any CPU
		{D8875B0C-E9C8-4803-813C-B59BDFEE8476}.Release|Any CPU.ActiveCfg = Release|Any CPU
		{D8875B0C-E9C8-4803-813C-B59BDFEE8476}.Release|Any CPU.Build.0 = Release|Any CPU
		{0F250A97-D7E6-4780-A98D-7BC3BD58DB42}.Debug|Any CPU.ActiveCfg = Debug|Any CPU
		{0F250A97-D7E6-4780-A98D-7BC3BD58DB42}.Debug|Any CPU.Build.0 = Debug|Any CPU
		{0F250A97-D7E6-4780-A98D-7BC3BD58DB42}.Release|Any CPU.ActiveCfg = Release|Any CPU
		{0F250A97-D7E6-4780-A98D-7BC3BD58DB42}.Release|Any CPU.Build.0 = Release|Any CPU
		{FDD48EF9-E1C6-43A5-B61D-656AECC1EBEF}.Debug|Any CPU.ActiveCfg = Debug|Any CPU
		{FDD48EF9-E1C6-43A5-B61D-656AECC1EBEF}.Debug|Any CPU.Build.0 = Debug|Any CPU
		{FDD48EF9-E1C6-43A5-B61D-656AECC1EBEF}.Release|Any CPU.ActiveCfg = Release|Any CPU
		{FDD48EF9-E1C6-43A5-B61D-656AECC1EBEF}.Release|Any CPU.Build.0 = Release|Any CPU
		{421ECBA3-A25F-4502-938E-96751ECE7CB0}.Debug|Any CPU.ActiveCfg = Debug|Any CPU
		{421ECBA3-A25F-4502-938E-96751ECE7CB0}.Debug|Any CPU.Build.0 = Debug|Any CPU
		{421ECBA3-A25F-4502-938E-96751ECE7CB0}.Release|Any CPU.ActiveCfg = Release|Any CPU
		{421ECBA3-A25F-4502-938E-96751ECE7CB0}.Release|Any CPU.Build.0 = Release|Any CPU
		{9CC77D28-F295-44EF-87B1-50CBD6369E92}.Debug|Any CPU.ActiveCfg = Debug|Any CPU
		{9CC77D28-F295-44EF-87B1-50CBD6369E92}.Debug|Any CPU.Build.0 = Debug|Any CPU
		{9CC77D28-F295-44EF-87B1-50CBD6369E92}.Release|Any CPU.ActiveCfg = Release|Any CPU
		{9CC77D28-F295-44EF-87B1-50CBD6369E92}.Release|Any CPU.Build.0 = Release|Any CPU
		{2AB0B8E5-74F5-4F3F-BF69-1C757E301A7B}.Debug|Any CPU.ActiveCfg = Debug|Any CPU
		{2AB0B8E5-74F5-4F3F-BF69-1C757E301A7B}.Debug|Any CPU.Build.0 = Debug|Any CPU
		{2AB0B8E5-74F5-4F3F-BF69-1C757E301A7B}.Release|Any CPU.ActiveCfg = Release|Any CPU
		{2AB0B8E5-74F5-4F3F-BF69-1C757E301A7B}.Release|Any CPU.Build.0 = Release|Any CPU
		{29F2DE93-230E-42A0-97A2-23F4D1202866}.Debug|Any CPU.ActiveCfg = Debug|Any CPU
		{29F2DE93-230E-42A0-97A2-23F4D1202866}.Debug|Any CPU.Build.0 = Debug|Any CPU
		{29F2DE93-230E-42A0-97A2-23F4D1202866}.Release|Any CPU.ActiveCfg = Release|Any CPU
		{29F2DE93-230E-42A0-97A2-23F4D1202866}.Release|Any CPU.Build.0 = Release|Any CPU
		{EA85D201-2949-49E2-8352-DA7426BF65FA}.Debug|Any CPU.ActiveCfg = Debug|Any CPU
		{EA85D201-2949-49E2-8352-DA7426BF65FA}.Debug|Any CPU.Build.0 = Debug|Any CPU
		{EA85D201-2949-49E2-8352-DA7426BF65FA}.Release|Any CPU.ActiveCfg = Release|Any CPU
		{EA85D201-2949-49E2-8352-DA7426BF65FA}.Release|Any CPU.Build.0 = Release|Any CPU
		{37318AD3-C3F4-4353-88D3-17B4AF349924}.Debug|Any CPU.ActiveCfg = Debug|Any CPU
		{37318AD3-C3F4-4353-88D3-17B4AF349924}.Debug|Any CPU.Build.0 = Debug|Any CPU
		{37318AD3-C3F4-4353-88D3-17B4AF349924}.Release|Any CPU.ActiveCfg = Release|Any CPU
		{37318AD3-C3F4-4353-88D3-17B4AF349924}.Release|Any CPU.Build.0 = Release|Any CPU
		{16446782-2D2D-4B28-BAD7-10221EE3A733}.Debug|Any CPU.ActiveCfg = Debug|Any CPU
		{16446782-2D2D-4B28-BAD7-10221EE3A733}.Debug|Any CPU.Build.0 = Debug|Any CPU
		{16446782-2D2D-4B28-BAD7-10221EE3A733}.Release|Any CPU.ActiveCfg = Release|Any CPU
		{16446782-2D2D-4B28-BAD7-10221EE3A733}.Release|Any CPU.Build.0 = Release|Any CPU
		{36A2854C-EE09-4070-A735-C4513309B1F7}.Debug|Any CPU.ActiveCfg = Debug|Any CPU
		{36A2854C-EE09-4070-A735-C4513309B1F7}.Debug|Any CPU.Build.0 = Debug|Any CPU
		{36A2854C-EE09-4070-A735-C4513309B1F7}.Release|Any CPU.ActiveCfg = Release|Any CPU
		{36A2854C-EE09-4070-A735-C4513309B1F7}.Release|Any CPU.Build.0 = Release|Any CPU
		{4C5A779F-E497-47BD-A856-68C915F19D80}.Debug|Any CPU.ActiveCfg = Debug|Any CPU
		{4C5A779F-E497-47BD-A856-68C915F19D80}.Debug|Any CPU.Build.0 = Debug|Any CPU
		{4C5A779F-E497-47BD-A856-68C915F19D80}.Release|Any CPU.ActiveCfg = Release|Any CPU
		{4C5A779F-E497-47BD-A856-68C915F19D80}.Release|Any CPU.Build.0 = Release|Any CPU
		{574021A8-4D2E-4E3B-AFFA-755422E7DB02}.Debug|Any CPU.ActiveCfg = Debug|Any CPU
		{574021A8-4D2E-4E3B-AFFA-755422E7DB02}.Debug|Any CPU.Build.0 = Debug|Any CPU
		{574021A8-4D2E-4E3B-AFFA-755422E7DB02}.Release|Any CPU.ActiveCfg = Release|Any CPU
		{574021A8-4D2E-4E3B-AFFA-755422E7DB02}.Release|Any CPU.Build.0 = Release|Any CPU
		{382F2DB7-258C-4ECC-9FE3-CCB0342E9629}.Debug|Any CPU.ActiveCfg = Debug|Any CPU
		{382F2DB7-258C-4ECC-9FE3-CCB0342E9629}.Debug|Any CPU.Build.0 = Debug|Any CPU
		{382F2DB7-258C-4ECC-9FE3-CCB0342E9629}.Release|Any CPU.ActiveCfg = Release|Any CPU
		{382F2DB7-258C-4ECC-9FE3-CCB0342E9629}.Release|Any CPU.Build.0 = Release|Any CPU
		{DE138ECC-9B0C-4D89-AA14-A2595690B080}.Debug|Any CPU.ActiveCfg = Debug|Any CPU
		{DE138ECC-9B0C-4D89-AA14-A2595690B080}.Debug|Any CPU.Build.0 = Debug|Any CPU
		{DE138ECC-9B0C-4D89-AA14-A2595690B080}.Release|Any CPU.ActiveCfg = Release|Any CPU
		{DE138ECC-9B0C-4D89-AA14-A2595690B080}.Release|Any CPU.Build.0 = Release|Any CPU
		{E9F03CA1-FC17-498B-804D-5DAB47AEB67D}.Debug|Any CPU.ActiveCfg = Debug|Any CPU
		{E9F03CA1-FC17-498B-804D-5DAB47AEB67D}.Debug|Any CPU.Build.0 = Debug|Any CPU
		{E9F03CA1-FC17-498B-804D-5DAB47AEB67D}.Release|Any CPU.ActiveCfg = Release|Any CPU
		{E9F03CA1-FC17-498B-804D-5DAB47AEB67D}.Release|Any CPU.Build.0 = Release|Any CPU
		{F37CAE31-0356-4F92-8FC2-AB1CDA064271}.Debug|Any CPU.ActiveCfg = Debug|Any CPU
		{F37CAE31-0356-4F92-8FC2-AB1CDA064271}.Debug|Any CPU.Build.0 = Debug|Any CPU
		{F37CAE31-0356-4F92-8FC2-AB1CDA064271}.Release|Any CPU.ActiveCfg = Release|Any CPU
		{F37CAE31-0356-4F92-8FC2-AB1CDA064271}.Release|Any CPU.Build.0 = Release|Any CPU
		{4648F6BC-9F01-48DC-ADA7-3B947E2A4FA6}.Debug|Any CPU.ActiveCfg = Debug|Any CPU
		{4648F6BC-9F01-48DC-ADA7-3B947E2A4FA6}.Debug|Any CPU.Build.0 = Debug|Any CPU
		{4648F6BC-9F01-48DC-ADA7-3B947E2A4FA6}.Release|Any CPU.ActiveCfg = Release|Any CPU
		{4648F6BC-9F01-48DC-ADA7-3B947E2A4FA6}.Release|Any CPU.Build.0 = Release|Any CPU
	EndGlobalSection
	GlobalSection(SolutionProperties) = preSolution
		HideSolutionNode = FALSE
	EndGlobalSection
	GlobalSection(NestedProjects) = preSolution
		{D0AD81E6-8494-4F59-9E5D-8EF4E0831EBE} = {CE08C5BB-A4C5-4333-B2FA-A7A8A1BC0686}
		{2D0AFC26-4EB9-4327-AC15-03AD3785B513} = {BDD53FDC-137C-49BB-93F6-0D80C6301490}
		{62933DC1-BE2A-43BD-83F6-5477AB8690AB} = {A1F746B4-C3B9-4FF7-99A7-D997562CFE76}
		{A022B610-8A5B-42FD-A1D6-BC406193C544} = {2EEA1F0A-EC08-477B-9202-EE10BFA737E5}
		{948288BC-DA16-49BD-B019-DB1DF45B6383} = {A022B610-8A5B-42FD-A1D6-BC406193C544}
		{9729DCE0-AA7E-409E-AB29-C5884A35D50C} = {A022B610-8A5B-42FD-A1D6-BC406193C544}
		{6A102824-6ABB-449E-A4B3-8FA3833B2C93} = {A022B610-8A5B-42FD-A1D6-BC406193C544}
		{63DF4BE7-4DAE-406F-BF78-79A50649A02D} = {777E5CAE-3071-4AF7-8E85-40BE651D59DB}
		{073AA274-7232-4414-B516-18B9BF0C4B09} = {63DF4BE7-4DAE-406F-BF78-79A50649A02D}
		{261D32FE-A3C1-4D9B-B312-6CDAE5A053F3} = {777E5CAE-3071-4AF7-8E85-40BE651D59DB}
		{BAB9D309-31A4-412C-8773-DAE58579A98B} = {261D32FE-A3C1-4D9B-B312-6CDAE5A053F3}
		{9666F880-CD9D-4B02-8B95-D870FB483000} = {2EEA1F0A-EC08-477B-9202-EE10BFA737E5}
		{6A3FF119-1578-45C3-8CF6-FF9E9CADF57D} = {9666F880-CD9D-4B02-8B95-D870FB483000}
		{CC3F522E-CFBA-4A99-94AB-8D0E9513C09A} = {2EEA1F0A-EC08-477B-9202-EE10BFA737E5}
		{D8875B0C-E9C8-4803-813C-B59BDFEE8476} = {CC3F522E-CFBA-4A99-94AB-8D0E9513C09A}
		{0F250A97-D7E6-4780-A98D-7BC3BD58DB42} = {CC3F522E-CFBA-4A99-94AB-8D0E9513C09A}
		{DACD0028-26EB-423B-996F-F397AF197C10} = {2EEA1F0A-EC08-477B-9202-EE10BFA737E5}
		{399EF0BC-DC5B-456A-83C6-D4D83E9F9E9B} = {DACD0028-26EB-423B-996F-F397AF197C10}
		{3A5A39C0-144F-48A2-B426-EACED776BAAD} = {DACD0028-26EB-423B-996F-F397AF197C10}
		{3D0898BC-FC3F-40BF-9402-DFA3D6932896} = {DACD0028-26EB-423B-996F-F397AF197C10}
		{FDD48EF9-E1C6-43A5-B61D-656AECC1EBEF} = {3A5A39C0-144F-48A2-B426-EACED776BAAD}
		{421ECBA3-A25F-4502-938E-96751ECE7CB0} = {399EF0BC-DC5B-456A-83C6-D4D83E9F9E9B}
		{9CC77D28-F295-44EF-87B1-50CBD6369E92} = {399EF0BC-DC5B-456A-83C6-D4D83E9F9E9B}
		{2AB0B8E5-74F5-4F3F-BF69-1C757E301A7B} = {399EF0BC-DC5B-456A-83C6-D4D83E9F9E9B}
		{29F2DE93-230E-42A0-97A2-23F4D1202866} = {3D0898BC-FC3F-40BF-9402-DFA3D6932896}
		{EA85D201-2949-49E2-8352-DA7426BF65FA} = {9666F880-CD9D-4B02-8B95-D870FB483000}
		{AB44E229-B15E-4CB6-B906-840924B4411C} = {A1F746B4-C3B9-4FF7-99A7-D997562CFE76}
		{37318AD3-C3F4-4353-88D3-17B4AF349924} = {AB44E229-B15E-4CB6-B906-840924B4411C}
		{54402D61-369F-4E0A-AEFC-E3E71562B435} = {A1F746B4-C3B9-4FF7-99A7-D997562CFE76}
		{16446782-2D2D-4B28-BAD7-10221EE3A733} = {8672CC71-F34E-4BCA-85BF-EC2EFEBA8E39}
		{125F8071-ED19-4508-B8BC-D7FFDF04ED9B} = {2EEA1F0A-EC08-477B-9202-EE10BFA737E5}
		{069D2AEC-162F-4DE0-BDCB-2DA5716A26C4} = {125F8071-ED19-4508-B8BC-D7FFDF04ED9B}
		{3EC270BB-188A-4E22-8994-BB16A4B883C3} = {125F8071-ED19-4508-B8BC-D7FFDF04ED9B}
		{36A2854C-EE09-4070-A735-C4513309B1F7} = {3EC270BB-188A-4E22-8994-BB16A4B883C3}
		{4C5A779F-E497-47BD-A856-68C915F19D80} = {069D2AEC-162F-4DE0-BDCB-2DA5716A26C4}
		{574021A8-4D2E-4E3B-AFFA-755422E7DB02} = {3EC270BB-188A-4E22-8994-BB16A4B883C3}
		{CED3A93C-F631-4833-A520-950858FDC272} = {8672CC71-F34E-4BCA-85BF-EC2EFEBA8E39}
		{382F2DB7-258C-4ECC-9FE3-CCB0342E9629} = {CED3A93C-F631-4833-A520-950858FDC272}
		{603B2F68-F933-4214-ACB2-CD4036273862} = {2EEA1F0A-EC08-477B-9202-EE10BFA737E5}
		{DE138ECC-9B0C-4D89-AA14-A2595690B080} = {603B2F68-F933-4214-ACB2-CD4036273862}
		{E9F03CA1-FC17-498B-804D-5DAB47AEB67D} = {603B2F68-F933-4214-ACB2-CD4036273862}
		{245F1648-BB3A-4D55-9AAD-175BF4DAB9C7} = {2EEA1F0A-EC08-477B-9202-EE10BFA737E5}
		{F37CAE31-0356-4F92-8FC2-AB1CDA064271} = {245F1648-BB3A-4D55-9AAD-175BF4DAB9C7}
		{4648F6BC-9F01-48DC-ADA7-3B947E2A4FA6} = {245F1648-BB3A-4D55-9AAD-175BF4DAB9C7}
	EndGlobalSection
	GlobalSection(ExtensibilityGlobals) = postSolution
		SolutionGuid = {434CCC68-8427-4BB7-9841-FA5DC0669DB4}
	EndGlobalSection
EndGlobal
